
Microsoft Visual Studio Solution File, Format Version 12.00
# Visual Studio 15
VisualStudioVersion = 15.0.26430.13
MinimumVisualStudioVersion = 10.0.40219.1
Project("{FAE04EC0-301F-11D3-BF4B-00C04F79EFBC}") = "TestingFizzBuzz", "TestingFizzBuzz\TestingFizzBuzz.csproj", "{25F80CCC-DE38-403B-A15C-C9A8BFF0CE9D}"
EndProject
Project("{FAE04EC0-301F-11D3-BF4B-00C04F79EFBC}") = "TestingFizzBuzz.Tests", "TestingFizzBuzz.Tests\TestingFizzBuzz.Tests.csproj", "{E79F12BF-1554-4DD1-A330-F65CDE9D013E}"
EndProject
Global
	GlobalSection(SolutionConfigurationPlatforms) = preSolution
		Debug|Any CPU = Debug|Any CPU
		Release|Any CPU = Release|Any CPU
	EndGlobalSection
	GlobalSection(ProjectConfigurationPlatforms) = postSolution
		{25F80CCC-DE38-403B-A15C-C9A8BFF0CE9D}.Debug|Any CPU.ActiveCfg = Debug|Any CPU
		{25F80CCC-DE38-403B-A15C-C9A8BFF0CE9D}.Debug|Any CPU.Build.0 = Debug|Any CPU
		{25F80CCC-DE38-403B-A15C-C9A8BFF0CE9D}.Release|Any CPU.ActiveCfg = Release|Any CPU
		{25F80CCC-DE38-403B-A15C-C9A8BFF0CE9D}.Release|Any CPU.Build.0 = Release|Any CPU
		{E79F12BF-1554-4DD1-A330-F65CDE9D013E}.Debug|Any CPU.ActiveCfg = Debug|Any CPU
		{E79F12BF-1554-4DD1-A330-F65CDE9D013E}.Debug|Any CPU.Build.0 = Debug|Any CPU
		{E79F12BF-1554-4DD1-A330-F65CDE9D013E}.Release|Any CPU.ActiveCfg = Release|Any CPU
		{E79F12BF-1554-4DD1-A330-F65CDE9D013E}.Release|Any CPU.Build.0 = Release|Any CPU
	EndGlobalSection
	GlobalSection(SolutionProperties) = preSolution
		HideSolutionNode = FALSE
	EndGlobalSection
EndGlobal
